fortio.org/assert v1.2.1 h1:48I39urpeDj65RP1KguF7akCjILNeu6vICiYMEysR7Q=
fortio.org/assert v1.2.1/go.mod h1:039mG+/iYDPO8Ibx8TrNuJCm2T2SuhwRI3uL9nHTTls=
fortio.org/sets v1.2.0 h1:FBfC7R2xrOJtkcioUbY6WqEzdujuBoZRbSdp1fYF4Kk=
fortio.org/sets v1.2.0/go.mod h1:J2BwIxNOLWsSU7IMZUg541kh3Au4JEKHrghVwXs68tE=
golang.org/x/exp v0.0.0-20240904232852-e7e105dedf7e h1:I88y4caeGeuDQxgdoFPUq097j7kNfw6uvuiNxUBfcBk=
golang.org/x/exp v0.0.0-20240904232852-e7e105dedf7e/go.mod h1:akd2r19cwCdwSwWeIdzYQGa/EZZyqcOdwWiwj5L5eKQ=
